Microsoft Visual Studio Solution File, Format Version 12.00
# Visual Studio Version 17
VisualStudioVersion = 17.5.2.0
MinimumVisualStudioVersion = 10.0.40219.1
Project("{FAE04EC0-301F-11D3-BF4B-00C04F79EFBC}") = "StockPriceChecker", "StockPriceChecker\StockPriceChecker.csproj", "{C411F069-3E72-C7B9-23D7-08C4237CDB8E}"
EndProject
Global
	GlobalSection(SolutionConfigurationPlatforms) = preSolution
		Debug|Any CPU = Debug|Any CPU
		Release|Any CPU = Release|Any CPU
	EndGlobalSection
	GlobalSection(ProjectConfigurationPlatforms) = postSolution
		{C411F069-3E72-C7B9-23D7-08C4237CDB8E}.Debug|Any CPU.ActiveCfg = Debug|Any CPU
		{C411F069-3E72-C7B9-23D7-08C4237CDB8E}.Debug|Any CPU.Build.0 = Debug|Any CPU
		{C411F069-3E72-C7B9-23D7-08C4237CDB8E}.Release|Any CPU.ActiveCfg = Release|Any CPU
		{C411F069-3E72-C7B9-23D7-08C4237CDB8E}.Release|Any CPU.Build.0 = Release|Any CPU
	EndGlobalSection
	GlobalSection(SolutionProperties) = preSolution
		HideSolutionNode = FALSE
	EndGlobalSection
	GlobalSection(ExtensibilityGlobals) = postSolution
		SolutionGuid = {A118EA03-6378-423B-8109-DA0D722492A8}
	EndGlobalSection
EndGlobal
